
Microsoft Visual Studio Solution File, Format Version 12.00
# Visual Studio 15
VisualStudioVersion = 15.0.28307.136
MinimumVisualStudioVersion = 10.0.40219.1
Project("{9A19103F-16F7-4668-BE54-9A1E7A4F7556}") = "EPDoc2Json", "EPDoc2Json\EPDoc2Json.csproj", "{3E28CDCF-EC84-4AFA-8D3A-9C46AE7BC58B}"
EndProject
Global
	GlobalSection(SolutionConfigurationPlatforms) = preSolution
		Debug|Any CPU = Debug|Any CPU
		Release|Any CPU = Release|Any CPU
	EndGlobalSection
	GlobalSection(ProjectConfigurationPlatforms) = postSolution
		{3E28CDCF-EC84-4AFA-8D3A-9C46AE7BC58B}.Debug|Any CPU.ActiveCfg = Debug|Any CPU
		{3E28CDCF-EC84-4AFA-8D3A-9C46AE7BC58B}.Debug|Any CPU.Build.0 = Debug|Any CPU
		{3E28CDCF-EC84-4AFA-8D3A-9C46AE7BC58B}.Release|Any CPU.ActiveCfg = Release|Any CPU
		{3E28CDCF-EC84-4AFA-8D3A-9C46AE7BC58B}.Release|Any CPU.Build.0 = Release|Any CPU
	EndGlobalSection
	GlobalSection(SolutionProperties) = preSolution
		HideSolutionNode = FALSE
	EndGlobalSection
	GlobalSection(ExtensibilityGlobals) = postSolution
		SolutionGuid = {B2C11881-732A-4E2E-8BFB-A7C0E4F550A0}
	EndGlobalSection
EndGlobal
